PODS:
  - OCMock (2.2.3)
  - SDWebImage (3.6):
    - SDWebImage/Core
  - SDWebImage/Core (3.6)
  - UIView+AutoLayout (2.0.1)

DEPENDENCIES:
  - OCMock (~> 2.2.3)
  - SDWebImage (~> 3.6)
  - UIView+AutoLayout (~> 2.0.0)

SPEC CHECKSUMS:
  OCMock: 807b6904818c42b86f42f36352ce7615b816e61a
  SDWebImage: c6989652c1cdf27cbdf3f56957e2030f825af5bc
  UIView+AutoLayout: d876c583c3dec28b5c3916175ea4b6ad70a8be34

COCOAPODS: 0.34.4
