<?xml version="1.0" encoding="UTF-8"?>
<!DOCTYPE plist PUBLIC "-//Apple//DTD PLIST 1.0//EN" "http://www.apple.com/DTDs/PropertyList-1.0.dtd">
<plist version="1.0">
<dict>
	<key>archiveVersion</key>
	<string>1</string>
	<key>classes</key>
	<dict/>
	<key>objectVersion</key>
	<string>46</string>
	<key>objects</key>
	<dict>
		<key>0858FD7FCD0903198B6959CA</key>
		<dict>
			<key>fileRef</key>
			<string>36CD594DFD03419880FB9397</string>
			<key>isa</key>
			<string>PBXBuildFile</string>
		</dict>
		<key>1DD6389A6F48491992DE96DB</key>
		<dict>
			<key>fileRef</key>
			<string>AD6CB3FB234A45EEA713B720</string>
			<key>isa</key>
			<string>PBXBuildFile</string>
		</dict>
		<key>2A4C048B671A9AAEC586153B</key>
		<dict>
			<key>children</key>
			<array>
				<string>6AC28E616EE4766E67FCDC97</string>
				<string>530D0BAE6EBA1888A385E372</string>
				<string>57E720E410634E8313295880</string>
				<string>8541F1D16389177217BB52D2</string>
			</array>
			<key>isa</key>
			<string>PBXGroup</string>
			<key>name</key>
			<string>Pods</string>
			<key>sourceTree</key>
			<string>&lt;group&gt;</string>
		</dict>
		<key>36CD594DFD03419880FB9397</key>
		<dict>
			<key>explicitFileType</key>
			<string>archive.ar</string>
			<key>includeInIndex</key>
			<string>0</string>
			<key>isa</key>
			<string>PBXFileReference</string>
			<key>path</key>
			<string>libPods.a</string>
			<key>sourceTree</key>
			<string>BUILT_PRODUCTS_DIR</string>
		</dict>
		<key>3E54413C26D04C33A0E2D243</key>
		<dict>
			<key>buildActionMask</key>
			<string>2147483647</string>
			<key>files</key>
			<array/>
			<key>inputPaths</key>
			<array/>
			<key>isa</key>
			<string>PBXShellScriptBuildPhase</string>
			<key>name</key>
			<string>Check Pods Manifest.lock</string>
			<key>outputPaths</key>
			<array/>
			<key>runOnlyForDeploymentPostprocessing</key>
			<string>0</string>
			<key>shellPath</key>
			<string>/bin/sh</string>
			<key>shellScript</key>
			<string>diff "${PODS_ROOT}/../Podfile.lock" "${PODS_ROOT}/Manifest.lock" &gt; /dev/null
if [[ $? != 0 ]] ; then
    cat &lt;&lt; EOM
error: The sandbox is not in sync with the Podfile.lock. Run 'pod install' or update your CocoaPods installation.
EOM
    exit 1
fi
</string>
			<key>showEnvVarsInLog</key>
			<string>0</string>
		</dict>
		<key>530D0BAE6EBA1888A385E372</key>
		<dict>
			<key>includeInIndex</key>
			<string>1</string>
			<key>isa</key>
			<string>PBXFileReference</string>
			<key>lastKnownFileType</key>
			<string>text.xcconfig</string>
			<key>name</key>
			<string>Pods.release.xcconfig</string>
			<key>path</key>
			<string>Pods/Target Support Files/Pods/Pods.release.xcconfig</string>
			<key>sourceTree</key>
			<string>&lt;group&gt;</string>
		</dict>
		<key>57E720E410634E8313295880</key>
		<dict>
			<key>includeInIndex</key>
			<string>1</string>
			<key>isa</key>
			<string>PBXFileReference</string>
			<key>lastKnownFileType</key>
			<string>text.xcconfig</string>
			<key>name</key>
			<string>Pods-DOPTimelineViewTests.debug.xcconfig</string>
			<key>path</key>
			<string>Pods/Target Support Files/Pods-DOPTimelineViewTests/Pods-DOPTimelineViewTests.debug.xcconfig</string>
			<key>sourceTree</key>
			<string>&lt;group&gt;</string>
		</dict>
		<key>6AC28E616EE4766E67FCDC97</key>
		<dict>
			<key>includeInIndex</key>
			<string>1</string>
			<key>isa</key>
			<string>PBXFileReference</string>
			<key>lastKnownFileType</key>
			<string>text.xcconfig</string>
			<key>name</key>
			<string>Pods.debug.xcconfig</string>
			<key>path</key>
			<string>Pods/Target Support Files/Pods/Pods.debug.xcconfig</string>
			<key>sourceTree</key>
			<string>&lt;group&gt;</string>
		</dict>
		<key>8504D55F18E9B65400059303</key>
		<dict>
			<key>fileEncoding</key>
			<string>4</string>
			<key>isa</key>
			<string>PBXFileReference</string>
			<key>lastKnownFileType</key>
			<string>sourcecode.c.h</string>
			<key>path</key>
			<string>DOPostStream.h</string>
			<key>sourceTree</key>
			<string>&lt;group&gt;</string>
		</dict>
		<key>8504D56018E9B65400059303</key>
		<dict>
			<key>fileEncoding</key>
			<string>4</string>
			<key>isa</key>
			<string>PBXFileReference</string>
			<key>lastKnownFileType</key>
			<string>sourcecode.c.objc</string>
			<key>path</key>
			<string>DOPostStream.m</string>
			<key>sourceTree</key>
			<string>&lt;group&gt;</string>
		</dict>
		<key>8504D56118E9B65400059303</key>
		<dict>
			<key>fileRef</key>
			<string>8504D56018E9B65400059303</string>
			<key>isa</key>
			<string>PBXBuildFile</string>
		</dict>
		<key>8504D56218E9B6F500059303</key>
		<dict>
			<key>children</key>
			<array>
				<string>8518E33A18EAB695001B3280</string>
				<string>8518E33B18EAB695001B3280</string>
				<string>8518E34918EAE5B5001B3280</string>
				<string>8518E34A18EAE5B5001B3280</string>
				<string>8504D55F18E9B65400059303</string>
				<string>8504D56018E9B65400059303</string>
				<string>8518E38418EDCD2B001B3280</string>
				<string>8518E38518EDCD2B001B3280</string>
			</array>
			<key>isa</key>
			<string>PBXGroup</string>
			<key>name</key>
			<string>Models</string>
			<key>sourceTree</key>
			<string>&lt;group&gt;</string>
		</dict>
		<key>8504D56918E9B75100059303</key>
		<dict>
			<key>children</key>
			<array>
				<string>8518E37E18ED4AE8001B3280</string>
				<string>8518E37F18ED4AE8001B3280</string>
				<string>8518E3E518F24F1C001B3280</string>
				<string>8518E3E618F24F1C001B3280</string>
				<string>8518E3E818F26266001B3280</string>
				<string>8518E3E918F26266001B3280</string>
				<string>8518E36418EB3D6C001B3280</string>
				<string>8518E36518EB3D6C001B3280</string>
				<string>8518E37318EC05F6001B3280</string>
				<string>8518E37418EC05F6001B3280</string>
				<string>8518E3DF18F1B0E1001B3280</string>
				<string>8518E3E018F1B0E1001B3280</string>
				<string>8518E3E218F23E2D001B3280</string>
				<string>8518E3E318F23E2D001B3280</string>
				<string>8518E3EB18F2CD49001B3280</string>
				<string>8518E3EC18F2CD49001B3280</string>
			</array>
			<key>isa</key>
			<string>PBXGroup</string>
			<key>name</key>
			<string>Views</string>
			<key>sourceTree</key>
			<string>&lt;group&gt;</string>
		</dict>
		<key>8504D56B18E9B77600059303</key>
		<dict>
			<key>fileEncoding</key>
			<string>4</string>
			<key>isa</key>
			<string>PBXFileReference</string>
			<key>lastKnownFileType</key>
			<string>sourcecode.c.objc</string>
			<key>path</key>
			<string>DOPTimelineViewController.m</string>
			<key>sourceTree</key>
			<string>&lt;group&gt;</string>
		</dict>
		<key>8504D56C18E9B77600059303</key>
		<dict>
			<key>fileRef</key>
			<string>8504D56B18E9B77600059303</string>
			<key>isa</key>
			<string>PBXBuildFile</string>
		</dict>
		<key>8504D56D18E9B78F00059303</key>
		<dict>
			<key>children</key>
			<array>
				<string>85CEE11518F69DC900D83182</string>
				<string>8504D56B18E9B77600059303</string>
			</array>
			<key>isa</key>
			<string>PBXGroup</string>
			<key>name</key>
			<string>ViewControllers</string>
			<key>sourceTree</key>
			<string>&lt;group&gt;</string>
		</dict>
		<key>8504D56F18E9B7D500059303</key>
		<dict>
			<key>fileEncoding</key>
			<string>4</string>
			<key>isa</key>
			<string>PBXFileReference</string>
			<key>lastKnownFileType</key>
			<string>sourcecode.c.objc</string>
			<key>path</key>
			<string>DOPostStreamTests.m</string>
			<key>sourceTree</key>
			<string>&lt;group&gt;</string>
		</dict>
		<key>8504D57018E9B7D500059303</key>
		<dict>
			<key>fileEncoding</key>
			<string>4</string>
			<key>isa</key>
			<string>PBXFileReference</string>
			<key>lastKnownFileType</key>
			<string>sourcecode.c.objc</string>
			<key>path</key>
			<string>DOPostTests.m</string>
			<key>sourceTree</key>
			<string>&lt;group&gt;</string>
		</dict>
		<key>8504D57118E9B7D500059303</key>
		<dict>
			<key>fileRef</key>
			<string>8504D56F18E9B7D500059303</string>
			<key>isa</key>
			<string>PBXBuildFile</string>
		</dict>
		<key>8504D57218E9B7D500059303</key>
		<dict>
			<key>fileRef</key>
			<string>8504D57018E9B7D500059303</string>
			<key>isa</key>
			<string>PBXBuildFile</string>
		</dict>
		<key>8518E33A18EAB695001B3280</key>
		<dict>
			<key>fileEncoding</key>
			<string>4</string>
			<key>isa</key>
			<string>PBXFileReference</string>
			<key>lastKnownFileType</key>
			<string>sourcecode.c.h</string>
			<key>path</key>
			<string>DOPost.h</string>
			<key>sourceTree</key>
			<string>&lt;group&gt;</string>
		</dict>
		<key>8518E33B18EAB695001B3280</key>
		<dict>
			<key>fileEncoding</key>
			<string>4</string>
			<key>isa</key>
			<string>PBXFileReference</string>
			<key>lastKnownFileType</key>
			<string>sourcecode.c.objc</string>
			<key>path</key>
			<string>DOPost.m</string>
			<key>sourceTree</key>
			<string>&lt;group&gt;</string>
		</dict>
		<key>8518E33C18EAB695001B3280</key>
		<dict>
			<key>fileRef</key>
			<string>8518E33B18EAB695001B3280</string>
			<key>isa</key>
			<string>PBXBuildFile</string>
		</dict>
		<key>8518E33D18EAB6A6001B3280</key>
		<dict>
			<key>fileEncoding</key>
			<string>4</string>
			<key>isa</key>
			<string>PBXFileReference</string>
			<key>lastKnownFileType</key>
			<string>sourcecode.c.h</string>
			<key>path</key>
			<string>DOPImageLoader.h</string>
			<key>sourceTree</key>
			<string>&lt;group&gt;</string>
		</dict>
		<key>8518E33E18EAB6A6001B3280</key>
		<dict>
			<key>fileEncoding</key>
			<string>4</string>
			<key>isa</key>
			<string>PBXFileReference</string>
			<key>lastKnownFileType</key>
			<string>sourcecode.c.objc</string>
			<key>path</key>
			<string>DOPImageLoader.m</string>
			<key>sourceTree</key>
			<string>&lt;group&gt;</string>
		</dict>
		<key>8518E33F18EAB6A6001B3280</key>
		<dict>
			<key>fileEncoding</key>
			<string>4</string>
			<key>isa</key>
			<string>PBXFileReference</string>
			<key>lastKnownFileType</key>
			<string>sourcecode.c.h</string>
			<key>path</key>
			<string>DOPImageProcessor.h</string>
			<key>sourceTree</key>
			<string>&lt;group&gt;</string>
		</dict>
		<key>8518E34018EAB6A6001B3280</key>
		<dict>
			<key>fileEncoding</key>
			<string>4</string>
			<key>isa</key>
			<string>PBXFileReference</string>
			<key>lastKnownFileType</key>
			<string>sourcecode.c.objc</string>
			<key>path</key>
			<string>DOPImageProcessor.m</string>
			<key>sourceTree</key>
			<string>&lt;group&gt;</string>
		</dict>
		<key>8518E34118EAB6A6001B3280</key>
		<dict>
			<key>fileEncoding</key>
			<string>4</string>
			<key>isa</key>
			<string>PBXFileReference</string>
			<key>lastKnownFileType</key>
			<string>sourcecode.c.h</string>
			<key>path</key>
			<string>DOPMemoryDataLoader.h</string>
			<key>sourceTree</key>
			<string>&lt;group&gt;</string>
		</dict>
		<key>8518E34218EAB6A6001B3280</key>
		<dict>
			<key>fileEncoding</key>
			<string>4</string>
			<key>isa</key>
			<string>PBXFileReference</string>
			<key>lastKnownFileType</key>
			<string>sourcecode.c.objc</string>
			<key>path</key>
			<string>DOPMemoryDataLoader.m</string>
			<key>sourceTree</key>
			<string>&lt;group&gt;</string>
		</dict>
		<key>8518E34318EAB6A6001B3280</key>
		<dict>
			<key>fileRef</key>
			<string>8518E33E18EAB6A6001B3280</string>
			<key>isa</key>
			<string>PBXBuildFile</string>
		</dict>
		<key>8518E34418EAB6A6001B3280</key>
		<dict>
			<key>fileRef</key>
			<string>8518E34018EAB6A6001B3280</string>
			<key>isa</key>
			<string>PBXBuildFile</string>
		</dict>
		<key>8518E34518EAB6A6001B3280</key>
		<dict>
			<key>fileRef</key>
			<string>8518E34218EAB6A6001B3280</string>
			<key>isa</key>
			<string>PBXBuildFile</string>
		</dict>
		<key>8518E34618EAB6B0001B3280</key>
		<dict>
			<key>children</key>
			<array>
				<string>8518E33D18EAB6A6001B3280</string>
				<string>8518E33E18EAB6A6001B3280</string>
				<string>8518E33F18EAB6A6001B3280</string>
				<string>8518E34018EAB6A6001B3280</string>
				<string>8518E34118EAB6A6001B3280</string>
				<string>8518E34218EAB6A6001B3280</string>
				<string>8518E38718EE5E91001B3280</string>
				<string>8518E38818EE5E91001B3280</string>
			</array>
			<key>isa</key>
			<string>PBXGroup</string>
			<key>name</key>
			<string>Utils</string>
			<key>sourceTree</key>
			<string>&lt;group&gt;</string>
		</dict>
		<key>8518E34718EABFCA001B3280</key>
		<dict>
			<key>isa</key>
			<string>PBXFileReference</string>
			<key>lastKnownFileType</key>
			<string>wrapper.framework</string>
			<key>name</key>
			<string>QuartzCore.framework</string>
			<key>path</key>
			<string>System/Library/Frameworks/QuartzCore.framework</string>
			<key>sourceTree</key>
			<string>SDKROOT</string>
		</dict>
		<key>8518E34818EABFCA001B3280</key>
		<dict>
			<key>fileRef</key>
			<string>8518E34718EABFCA001B3280</string>
			<key>isa</key>
			<string>PBXBuildFile</string>
		</dict>
		<key>8518E34918EAE5B5001B3280</key>
		<dict>
			<key>fileEncoding</key>
			<string>4</string>
			<key>isa</key>
			<string>PBXFileReference</string>
			<key>lastKnownFileType</key>
			<string>sourcecode.c.h</string>
			<key>path</key>
			<string>DOPhoto.h</string>
			<key>sourceTree</key>
			<string>&lt;group&gt;</string>
		</dict>
		<key>8518E34A18EAE5B5001B3280</key>
		<dict>
			<key>fileEncoding</key>
			<string>4</string>
			<key>isa</key>
			<string>PBXFileReference</string>
			<key>lastKnownFileType</key>
			<string>sourcecode.c.objc</string>
			<key>path</key>
			<string>DOPhoto.m</string>
			<key>sourceTree</key>
			<string>&lt;group&gt;</string>
		</dict>
		<key>8518E34B18EAE5B5001B3280</key>
		<dict>
			<key>fileRef</key>
			<string>8518E34A18EAE5B5001B3280</string>
			<key>isa</key>
			<string>PBXBuildFile</string>
		</dict>
		<key>8518E36418EB3D6C001B3280</key>
		<dict>
			<key>fileEncoding</key>
			<string>4</string>
			<key>isa</key>
			<string>PBXFileReference</string>
			<key>lastKnownFileType</key>
			<string>sourcecode.c.h</string>
			<key>path</key>
			<string>DOPTimelineHeaderCell.h</string>
			<key>sourceTree</key>
			<string>&lt;group&gt;</string>
		</dict>
		<key>8518E36518EB3D6C001B3280</key>
		<dict>
			<key>fileEncoding</key>
			<string>4</string>
			<key>isa</key>
			<string>PBXFileReference</string>
			<key>lastKnownFileType</key>
			<string>sourcecode.c.objc</string>
			<key>path</key>
			<string>DOPTimelineHeaderCell.m</string>
			<key>sourceTree</key>
			<string>&lt;group&gt;</string>
		</dict>
		<key>8518E36618EB3D6C001B3280</key>
		<dict>
			<key>fileRef</key>
			<string>8518E36518EB3D6C001B3280</string>
			<key>isa</key>
			<string>PBXBuildFile</string>
		</dict>
		<key>8518E37318EC05F6001B3280</key>
		<dict>
			<key>fileEncoding</key>
			<string>4</string>
			<key>isa</key>
			<string>PBXFileReference</string>
			<key>lastKnownFileType</key>
			<string>sourcecode.c.h</string>
			<key>path</key>
			<string>DOPTimelinePhotoCell.h</string>
			<key>sourceTree</key>
			<string>&lt;group&gt;</string>
		</dict>
		<key>8518E37418EC05F6001B3280</key>
		<dict>
			<key>fileEncoding</key>
			<string>4</string>
			<key>isa</key>
			<string>PBXFileReference</string>
			<key>lastKnownFileType</key>
			<string>sourcecode.c.objc</string>
			<key>path</key>
			<string>DOPTimelinePhotoCell.m</string>
			<key>sourceTree</key>
			<string>&lt;group&gt;</string>
		</dict>
		<key>8518E37518EC05F6001B3280</key>
		<dict>
			<key>fileRef</key>
			<string>8518E37418EC05F6001B3280</string>
			<key>isa</key>
			<string>PBXBuildFile</string>
		</dict>
		<key>8518E37E18ED4AE8001B3280</key>
		<dict>
			<key>fileEncoding</key>
			<string>4</string>
			<key>isa</key>
			<string>PBXFileReference</string>
			<key>lastKnownFileType</key>
			<string>sourcecode.c.h</string>
			<key>path</key>
			<string>DOPTimelineAppearance.h</string>
			<key>sourceTree</key>
			<string>&lt;group&gt;</string>
		</dict>
		<key>8518E37F18ED4AE8001B3280</key>
		<dict>
			<key>fileEncoding</key>
			<string>4</string>
			<key>isa</key>
			<string>PBXFileReference</string>
			<key>lastKnownFileType</key>
			<string>sourcecode.c.objc</string>
			<key>path</key>
			<string>DOPTimelineAppearance.m</string>
			<key>sourceTree</key>
			<string>&lt;group&gt;</string>
		</dict>
		<key>8518E38018ED4AE8001B3280</key>
		<dict>
			<key>fileRef</key>
			<string>8518E37F18ED4AE8001B3280</string>
			<key>isa</key>
			<string>PBXBuildFile</string>
		</dict>
		<key>8518E38418EDCD2B001B3280</key>
		<dict>
			<key>fileEncoding</key>
			<string>4</string>
			<key>isa</key>
			<string>PBXFileReference</string>
			<key>lastKnownFileType</key>
			<string>sourcecode.c.h</string>
			<key>path</key>
			<string>DOPComment.h</string>
			<key>sourceTree</key>
			<string>&lt;group&gt;</string>
		</dict>
		<key>8518E38518EDCD2B001B3280</key>
		<dict>
			<key>fileEncoding</key>
			<string>4</string>
			<key>isa</key>
			<string>PBXFileReference</string>
			<key>lastKnownFileType</key>
			<string>sourcecode.c.objc</string>
			<key>path</key>
			<string>DOPComment.m</string>
			<key>sourceTree</key>
			<string>&lt;group&gt;</string>
		</dict>
		<key>8518E38618EDCD2B001B3280</key>
		<dict>
			<key>fileRef</key>
			<string>8518E38518EDCD2B001B3280</string>
			<key>isa</key>
			<string>PBXBuildFile</string>
		</dict>
		<key>8518E38718EE5E91001B3280</key>
		<dict>
			<key>fileEncoding</key>
			<string>4</string>
			<key>isa</key>
			<string>PBXFileReference</string>
			<key>lastKnownFileType</key>
			<string>sourcecode.c.h</string>
			<key>path</key>
			<string>DOPLoremIpsumGenerator.h</string>
			<key>sourceTree</key>
			<string>&lt;group&gt;</string>
		</dict>
		<key>8518E38818EE5E91001B3280</key>
		<dict>
			<key>fileEncoding</key>
			<string>4</string>
			<key>isa</key>
			<string>PBXFileReference</string>
			<key>lastKnownFileType</key>
			<string>sourcecode.c.objc</string>
			<key>path</key>
			<string>DOPLoremIpsumGenerator.m</string>
			<key>sourceTree</key>
			<string>&lt;group&gt;</string>
		</dict>
		<key>8518E38918EE5E91001B3280</key>
		<dict>
			<key>fileRef</key>
			<string>8518E38818EE5E91001B3280</string>
			<key>isa</key>
			<string>PBXBuildFile</string>
		</dict>
		<key>8518E3DF18F1B0E1001B3280</key>
		<dict>
			<key>fileEncoding</key>
			<string>4</string>
			<key>isa</key>
			<string>PBXFileReference</string>
			<key>lastKnownFileType</key>
			<string>sourcecode.c.h</string>
			<key>path</key>
			<string>DOPTimelinePhotoGridCell.h</string>
			<key>sourceTree</key>
			<string>&lt;group&gt;</string>
		</dict>
		<key>8518E3E018F1B0E1001B3280</key>
		<dict>
			<key>fileEncoding</key>
			<string>4</string>
			<key>isa</key>
			<string>PBXFileReference</string>
			<key>lastKnownFileType</key>
			<string>sourcecode.c.objc</string>
			<key>path</key>
			<string>DOPTimelinePhotoGridCell.m</string>
			<key>sourceTree</key>
			<string>&lt;group&gt;</string>
		</dict>
		<key>8518E3E118F1B0E1001B3280</key>
		<dict>
			<key>fileRef</key>
			<string>8518E3E018F1B0E1001B3280</string>
			<key>isa</key>
			<string>PBXBuildFile</string>
		</dict>
		<key>8518E3E218F23E2D001B3280</key>
		<dict>
			<key>fileEncoding</key>
			<string>4</string>
			<key>isa</key>
			<string>PBXFileReference</string>
			<key>lastKnownFileType</key>
			<string>sourcecode.c.h</string>
			<key>path</key>
			<string>DOPTimelineCaptionCell.h</string>
			<key>sourceTree</key>
			<string>&lt;group&gt;</string>
		</dict>
		<key>8518E3E318F23E2D001B3280</key>
		<dict>
			<key>fileEncoding</key>
			<string>4</string>
			<key>isa</key>
			<string>PBXFileReference</string>
			<key>lastKnownFileType</key>
			<string>sourcecode.c.objc</string>
			<key>path</key>
			<string>DOPTimelineCaptionCell.m</string>
			<key>sourceTree</key>
			<string>&lt;group&gt;</string>
		</dict>
		<key>8518E3E418F23E2D001B3280</key>
		<dict>
			<key>fileRef</key>
			<string>8518E3E318F23E2D001B3280</string>
			<key>isa</key>
			<string>PBXBuildFile</string>
		</dict>
		<key>8518E3E518F24F1C001B3280</key>
		<dict>
			<key>fileEncoding</key>
			<string>4</string>
			<key>isa</key>
			<string>PBXFileReference</string>
			<key>lastKnownFileType</key>
			<string>sourcecode.c.h</string>
			<key>path</key>
			<string>DOPTimelineLikedByCell.h</string>
			<key>sourceTree</key>
			<string>&lt;group&gt;</string>
		</dict>
		<key>8518E3E618F24F1C001B3280</key>
		<dict>
			<key>fileEncoding</key>
			<string>4</string>
			<key>isa</key>
			<string>PBXFileReference</string>
			<key>lastKnownFileType</key>
			<string>sourcecode.c.objc</string>
			<key>path</key>
			<string>DOPTimelineLikedByCell.m</string>
			<key>sourceTree</key>
			<string>&lt;group&gt;</string>
		</dict>
		<key>8518E3E718F24F1C001B3280</key>
		<dict>
			<key>fileRef</key>
			<string>8518E3E618F24F1C001B3280</string>
			<key>isa</key>
			<string>PBXBuildFile</string>
		</dict>
		<key>8518E3E818F26266001B3280</key>
		<dict>
			<key>fileEncoding</key>
			<string>4</string>
			<key>isa</key>
			<string>PBXFileReference</string>
			<key>lastKnownFileType</key>
			<string>sourcecode.c.h</string>
			<key>path</key>
			<string>DOPTimelineCommentCell.h</string>
			<key>sourceTree</key>
			<string>&lt;group&gt;</string>
		</dict>
		<key>8518E3E918F26266001B3280</key>
		<dict>
			<key>fileEncoding</key>
			<string>4</string>
			<key>isa</key>
			<string>PBXFileReference</string>
			<key>lastKnownFileType</key>
			<string>sourcecode.c.objc</string>
			<key>path</key>
			<string>DOPTimelineCommentCell.m</string>
			<key>sourceTree</key>
			<string>&lt;group&gt;</string>
		</dict>
		<key>8518E3EA18F26266001B3280</key>
		<dict>
			<key>fileRef</key>
			<string>8518E3E918F26266001B3280</string>
			<key>isa</key>
			<string>PBXBuildFile</string>
		</dict>
		<key>8518E3EB18F2CD49001B3280</key>
		<dict>
			<key>fileEncoding</key>
			<string>4</string>
			<key>isa</key>
			<string>PBXFileReference</string>
			<key>lastKnownFileType</key>
			<string>sourcecode.c.h</string>
			<key>path</key>
			<string>DOPTimelineCommandsCell.h</string>
			<key>sourceTree</key>
			<string>&lt;group&gt;</string>
		</dict>
		<key>8518E3EC18F2CD49001B3280</key>
		<dict>
			<key>fileEncoding</key>
			<string>4</string>
			<key>isa</key>
			<string>PBXFileReference</string>
			<key>lastKnownFileType</key>
			<string>sourcecode.c.objc</string>
			<key>path</key>
			<string>DOPTimelineCommandsCell.m</string>
			<key>sourceTree</key>
			<string>&lt;group&gt;</string>
		</dict>
		<key>8518E3ED18F2CD49001B3280</key>
		<dict>
			<key>fileRef</key>
			<string>8518E3EC18F2CD49001B3280</string>
			<key>isa</key>
			<string>PBXBuildFile</string>
		</dict>
		<key>8541F1D16389177217BB52D2</key>
		<dict>
			<key>includeInIndex</key>
			<string>1</string>
			<key>isa</key>
			<string>PBXFileReference</string>
			<key>lastKnownFileType</key>
			<string>text.xcconfig</string>
			<key>name</key>
			<string>Pods-DOPTimelineViewTests.release.xcconfig</string>
			<key>path</key>
			<string>Pods/Target Support Files/Pods-DOPTimelineViewTests/Pods-DOPTimelineViewTests.release.xcconfig</string>
			<key>sourceTree</key>
			<string>&lt;group&gt;</string>
		</dict>
		<key>8542C7D318F42E0600ACA608</key>
		<dict>
			<key>fileEncoding</key>
			<string>4</string>
			<key>isa</key>
			<string>PBXFileReference</string>
			<key>lastKnownFileType</key>
			<string>file.storyboard</string>
			<key>name</key>
			<string>DOPTimelineView.storyboard</string>
			<key>path</key>
			<string>Resources/DOPTimelineView.storyboard</string>
			<key>sourceTree</key>
			<string>&lt;group&gt;</string>
		</dict>
		<key>8542C7D418F42E2700ACA608</key>
		<dict>
			<key>isa</key>
			<string>PBXFileReference</string>
			<key>lastKnownFileType</key>
			<string>folder.assetcatalog</string>
			<key>name</key>
			<string>DOPTimelineImages.xcassets</string>
			<key>path</key>
			<string>Resources/DOPTimelineImages.xcassets</string>
			<key>sourceTree</key>
			<string>&lt;group&gt;</string>
		</dict>
		<key>8542C7D518F42E3D00ACA608</key>
		<dict>
			<key>children</key>
			<array>
				<string>8542C7D618F42E3D00ACA608</string>
				<string>8542C7D718F42E4100ACA608</string>
				<string>8542C7D818F42E4300ACA608</string>
			</array>
			<key>isa</key>
			<string>PBXVariantGroup</string>
			<key>name</key>
			<string>DOPTimeline.strings</string>
			<key>sourceTree</key>
			<string>&lt;group&gt;</string>
		</dict>
		<key>8542C7D618F42E3D00ACA608</key>
		<dict>
			<key>isa</key>
			<string>PBXFileReference</string>
			<key>lastKnownFileType</key>
			<string>text.plist.strings</string>
			<key>name</key>
			<string>en</string>
			<key>path</key>
			<string>Resources/en.lproj/DOPTimeline.strings</string>
			<key>sourceTree</key>
			<string>&lt;group&gt;</string>
		</dict>
		<key>8542C7D718F42E4100ACA608</key>
		<dict>
			<key>isa</key>
			<string>PBXFileReference</string>
			<key>lastKnownFileType</key>
			<string>text.plist.strings</string>
			<key>name</key>
			<string>ja</string>
			<key>path</key>
			<string>Resources/ja.lproj/DOPTimeline.strings</string>
			<key>sourceTree</key>
			<string>&lt;group&gt;</string>
		</dict>
		<key>8542C7D818F42E4300ACA608</key>
		<dict>
			<key>isa</key>
			<string>PBXFileReference</string>
			<key>lastKnownFileType</key>
			<string>text.plist.strings</string>
			<key>name</key>
			<string>zh-Hans</string>
			<key>path</key>
			<string>Resources/zh-Hans.lproj/DOPTimeline.strings</string>
			<key>sourceTree</key>
			<string>&lt;group&gt;</string>
		</dict>
		<key>85CEE10718F69AE300D83182</key>
		<dict>
			<key>fileEncoding</key>
			<string>4</string>
			<key>isa</key>
			<string>PBXFileReference</string>
			<key>lastKnownFileType</key>
			<string>sourcecode.c.h</string>
			<key>path</key>
			<string>DOPApplicationUtils.h</string>
			<key>sourceTree</key>
			<string>&lt;group&gt;</string>
		</dict>
		<key>85CEE10818F69AE300D83182</key>
		<dict>
			<key>fileEncoding</key>
			<string>4</string>
			<key>isa</key>
			<string>PBXFileReference</string>
			<key>lastKnownFileType</key>
			<string>sourcecode.c.objc</string>
			<key>path</key>
			<string>DOPApplicationUtils.m</string>
			<key>sourceTree</key>
			<string>&lt;group&gt;</string>
		</dict>
		<key>85CEE10918F69AE300D83182</key>
		<dict>
			<key>fileRef</key>
			<string>85CEE10818F69AE300D83182</string>
			<key>isa</key>
			<string>PBXBuildFile</string>
		</dict>
		<key>85CEE10A18F69AF400D83182</key>
		<dict>
			<key>fileEncoding</key>
			<string>4</string>
			<key>isa</key>
			<string>PBXFileReference</string>
			<key>lastKnownFileType</key>
			<string>sourcecode.c.h</string>
			<key>path</key>
			<string>DOPFadeInSegueBackward.h</string>
			<key>sourceTree</key>
			<string>&lt;group&gt;</string>
		</dict>
		<key>85CEE10B18F69AF400D83182</key>
		<dict>
			<key>fileEncoding</key>
			<string>4</string>
			<key>isa</key>
			<string>PBXFileReference</string>
			<key>lastKnownFileType</key>
			<string>sourcecode.c.objc</string>
			<key>path</key>
			<string>DOPFadeInSegueBackward.m</string>
			<key>sourceTree</key>
			<string>&lt;group&gt;</string>
		</dict>
		<key>85CEE10C18F69AF400D83182</key>
		<dict>
			<key>fileEncoding</key>
			<string>4</string>
			<key>isa</key>
			<string>PBXFileReference</string>
			<key>lastKnownFileType</key>
			<string>sourcecode.c.h</string>
			<key>path</key>
			<string>DOPFadeOutSegueForward.h</string>
			<key>sourceTree</key>
			<string>&lt;group&gt;</string>
		</dict>
		<key>85CEE10D18F69AF400D83182</key>
		<dict>
			<key>fileEncoding</key>
			<string>4</string>
			<key>isa</key>
			<string>PBXFileReference</string>
			<key>lastKnownFileType</key>
			<string>sourcecode.c.objc</string>
			<key>path</key>
			<string>DOPFadeOutSegueForward.m</string>
			<key>sourceTree</key>
			<string>&lt;group&gt;</string>
		</dict>
		<key>85CEE10E18F69AF400D83182</key>
		<dict>
			<key>fileRef</key>
			<string>85CEE10B18F69AF400D83182</string>
			<key>isa</key>
			<string>PBXBuildFile</string>
		</dict>
		<key>85CEE10F18F69AF400D83182</key>
		<dict>
			<key>fileRef</key>
			<string>85CEE10D18F69AF400D83182</string>
			<key>isa</key>
			<string>PBXBuildFile</string>
		</dict>
		<key>85CEE11018F69B0E00D83182</key>
		<dict>
			<key>isa</key>
			<string>PBXFileReference</string>
			<key>lastKnownFileType</key>
			<string>sourcecode.c.h</string>
			<key>path</key>
			<string>DOPTimelinePhotoCellDelegate.h</string>
			<key>sourceTree</key>
			<string>&lt;group&gt;</string>
		</dict>
		<key>85CEE11418F69DB200D83182</key>
		<dict>
			<key>fileEncoding</key>
			<string>4</string>
			<key>isa</key>
			<string>PBXFileReference</string>
			<key>lastKnownFileType</key>
			<string>sourcecode.c.h</string>
			<key>path</key>
			<string>DOPTimelineProtocols.h</string>
			<key>sourceTree</key>
			<string>&lt;group&gt;</string>
		</dict>
		<key>85CEE11518F69DC900D83182</key>
		<dict>
			<key>fileEncoding</key>
			<string>4</string>
			<key>isa</key>
			<string>PBXFileReference</string>
			<key>lastKnownFileType</key>
			<string>sourcecode.c.h</string>
			<key>path</key>
			<string>DOPTimelineViewController.h</string>
			<key>sourceTree</key>
			<string>&lt;group&gt;</string>
		</dict>
		<key>85D324F218E99B9B00AA73AF</key>
		<dict>
			<key>children</key>
			<array>
				<string>85D3250018E99B9B00AA73AF</string>
				<string>85D3251418E99B9B00AA73AF</string>
				<string>85D324FD18E99B9B00AA73AF</string>
				<string>85D324FC18E99B9B00AA73AF</string>
				<string>2A4C048B671A9AAEC586153B</string>
			</array>
			<key>isa</key>
			<string>PBXGroup</string>
			<key>sourceTree</key>
			<string>&lt;group&gt;</string>
		</dict>
		<key>85D324F318E99B9B00AA73AF</key>
		<dict>
			<key>attributes</key>
			<dict>
				<key>LastUpgradeCheck</key>
				<string>0510</string>
				<key>ORGANIZATIONNAME</key>
				<string>DODOPIPE LIMITED</string>
			</dict>
			<key>buildConfigurationList</key>
			<string>85D324F618E99B9B00AA73AF</string>
			<key>compatibilityVersion</key>
			<string>Xcode 3.2</string>
			<key>developmentRegion</key>
			<string>English</string>
			<key>hasScannedForEncodings</key>
			<string>0</string>
			<key>isa</key>
			<string>PBXProject</string>
			<key>knownRegions</key>
			<array>
				<string>en</string>
				<string>ja</string>
				<string>zh-Hans</string>
			</array>
			<key>mainGroup</key>
			<string>85D324F218E99B9B00AA73AF</string>
			<key>productRefGroup</key>
			<string>85D324FC18E99B9B00AA73AF</string>
			<key>projectDirPath</key>
			<string></string>
			<key>projectReferences</key>
			<array/>
			<key>projectRoot</key>
			<string></string>
			<key>targets</key>
			<array>
				<string>85D324FA18E99B9B00AA73AF</string>
				<string>85D3250A18E99B9B00AA73AF</string>
			</array>
		</dict>
		<key>85D324F618E99B9B00AA73AF</key>
		<dict>
			<key>buildConfigurations</key>
			<array>
				<string>85D3251C18E99B9B00AA73AF</string>
				<string>85D3251D18E99B9B00AA73AF</string>
			</array>
			<key>defaultConfigurationIsVisible</key>
			<string>0</string>
			<key>defaultConfigurationName</key>
			<string>Release</string>
			<key>isa</key>
			<string>XCConfigurationList</string>
		</dict>
		<key>85D324F718E99B9B00AA73AF</key>
		<dict>
			<key>buildActionMask</key>
			<string>2147483647</string>
			<key>files</key>
			<array>
				<string>8518E34318EAB6A6001B3280</string>
				<string>8518E33C18EAB695001B3280</string>
				<string>85CEE10918F69AE300D83182</string>
				<string>85CEE10E18F69AF400D83182</string>
				<string>8518E38018ED4AE8001B3280</string>
				<string>8518E3EA18F26266001B3280</string>
				<string>8518E3E718F24F1C001B3280</string>
				<string>8518E34418EAB6A6001B3280</string>
				<string>8518E3ED18F2CD49001B3280</string>
				<string>8518E38918EE5E91001B3280</string>
				<string>8518E34B18EAE5B5001B3280</string>
				<string>8518E37518EC05F6001B3280</string>
				<string>85CEE10F18F69AF400D83182</string>
				<string>8518E3E418F23E2D001B3280</string>
				<string>8518E38618EDCD2B001B3280</string>
				<string>8504D56C18E9B77600059303</string>
				<string>8518E34518EAB6A6001B3280</string>
				<string>8504D56118E9B65400059303</string>
				<string>8518E36618EB3D6C001B3280</string>
				<string>8518E3E118F1B0E1001B3280</string>
			</array>
			<key>isa</key>
			<string>PBXSourcesBuildPhase</string>
			<key>runOnlyForDeploymentPostprocessing</key>
			<string>0</string>
		</dict>
		<key>85D324F818E99B9B00AA73AF</key>
		<dict>
			<key>buildActionMask</key>
			<string>2147483647</string>
			<key>files</key>
			<array>
				<string>8518E34818EABFCA001B3280</string>
				<string>85D3252518E99BB300AA73AF</string>
				<string>85D324FF18E99B9B00AA73AF</string>
				<string>0858FD7FCD0903198B6959CA</string>
			</array>
			<key>isa</key>
			<string>PBXFrameworksBuildPhase</string>
			<key>runOnlyForDeploymentPostprocessing</key>
			<string>0</string>
		</dict>
		<key>85D324F918E99B9B00AA73AF</key>
		<dict>
			<key>buildActionMask</key>
			<string>2147483647</string>
			<key>dstPath</key>
			<string>include/$(PRODUCT_NAME)</string>
			<key>dstSubfolderSpec</key>
			<string>16</string>
			<key>files</key>
			<array/>
			<key>isa</key>
			<string>PBXCopyFilesBuildPhase</string>
			<key>runOnlyForDeploymentPostprocessing</key>
			<string>0</string>
		</dict>
		<key>85D324FA18E99B9B00AA73AF</key>
		<dict>
			<key>buildConfigurationList</key>
			<string>85D3251E18E99B9B00AA73AF</string>
			<key>buildPhases</key>
			<array>
				<string>C05749B700BA45B6B2406F79</string>
				<string>85D324F718E99B9B00AA73AF</string>
				<string>85D324F818E99B9B00AA73AF</string>
				<string>85D324F918E99B9B00AA73AF</string>
				<string>F6CF3CF259C141B687E7C581</string>
			</array>
			<key>buildRules</key>
			<array/>
			<key>dependencies</key>
			<array/>
			<key>isa</key>
			<string>PBXNativeTarget</string>
			<key>name</key>
			<string>DOPTimelineView</string>
			<key>productName</key>
			<string>DOPTimelineView</string>
			<key>productReference</key>
			<string>85D324FB18E99B9B00AA73AF</string>
			<key>productType</key>
			<string>com.apple.product-type.library.static</string>
		</dict>
		<key>85D324FB18E99B9B00AA73AF</key>
		<dict>
			<key>explicitFileType</key>
			<string>archive.ar</string>
			<key>includeInIndex</key>
			<string>0</string>
			<key>isa</key>
			<string>PBXFileReference</string>
			<key>path</key>
			<string>libDOPTimelineView.a</string>
			<key>sourceTree</key>
			<string>BUILT_PRODUCTS_DIR</string>
		</dict>
		<key>85D324FC18E99B9B00AA73AF</key>
		<dict>
			<key>children</key>
			<array>
				<string>85D324FB18E99B9B00AA73AF</string>
				<string>85D3250B18E99B9B00AA73AF</string>
			</array>
			<key>isa</key>
			<string>PBXGroup</string>
			<key>name</key>
			<string>Products</string>
			<key>sourceTree</key>
			<string>&lt;group&gt;</string>
		</dict>
		<key>85D324FD18E99B9B00AA73AF</key>
		<dict>
			<key>children</key>
			<array>
				<string>8518E34718EABFCA001B3280</string>
				<string>85D3252418E99BB300AA73AF</string>
				<string>85D324FE18E99B9B00AA73AF</string>
				<string>85D3250C18E99B9B00AA73AF</string>
				<string>36CD594DFD03419880FB9397</string>
				<string>AD6CB3FB234A45EEA713B720</string>
			</array>
			<key>isa</key>
			<string>PBXGroup</string>
			<key>name</key>
			<string>Frameworks</string>
			<key>sourceTree</key>
			<string>&lt;group&gt;</string>
		</dict>
		<key>85D324FE18E99B9B00AA73AF</key>
		<dict>
			<key>isa</key>
			<string>PBXFileReference</string>
			<key>lastKnownFileType</key>
			<string>wrapper.framework</string>
			<key>name</key>
			<string>Foundation.framework</string>
			<key>path</key>
			<string>System/Library/Frameworks/Foundation.framework</string>
			<key>sourceTree</key>
			<string>SDKROOT</string>
		</dict>
		<key>85D324FF18E99B9B00AA73AF</key>
		<dict>
			<key>fileRef</key>
			<string>85D324FE18E99B9B00AA73AF</string>
			<key>isa</key>
			<string>PBXBuildFile</string>
		</dict>
		<key>85D3250018E99B9B00AA73AF</key>
		<dict>
			<key>children</key>
			<array>
				<string>85CEE10718F69AE300D83182</string>
				<string>85CEE10818F69AE300D83182</string>
				<string>85CEE10A18F69AF400D83182</string>
				<string>85CEE10B18F69AF400D83182</string>
				<string>85CEE10C18F69AF400D83182</string>
				<string>85CEE10D18F69AF400D83182</string>
				<string>85CEE11018F69B0E00D83182</string>
				<string>85CEE11418F69DB200D83182</string>
				<string>8504D56D18E9B78F00059303</string>
				<string>8504D56918E9B75100059303</string>
				<string>8504D56218E9B6F500059303</string>
				<string>8518E34618EAB6B0001B3280</string>
				<string>85D3250118E99B9B00AA73AF</string>
			</array>
			<key>isa</key>
			<string>PBXGroup</string>
			<key>path</key>
			<string>DOPTimelineView</string>
			<key>sourceTree</key>
			<string>&lt;group&gt;</string>
		</dict>
		<key>85D3250118E99B9B00AA73AF</key>
		<dict>
			<key>children</key>
			<array>
				<string>8542C7D518F42E3D00ACA608</string>
				<string>8542C7D418F42E2700ACA608</string>
				<string>8542C7D318F42E0600ACA608</string>
				<string>85D3250218E99B9B00AA73AF</string>
			</array>
			<key>isa</key>
			<string>PBXGroup</string>
			<key>name</key>
			<string>Supporting Files</string>
			<key>sourceTree</key>
			<string>&lt;group&gt;</string>
		</dict>
		<key>85D3250218E99B9B00AA73AF</key>
		<dict>
			<key>isa</key>
			<string>PBXFileReference</string>
			<key>lastKnownFileType</key>
			<string>sourcecode.c.h</string>
			<key>path</key>
			<string>DOPTimelineView-Prefix.pch</string>
			<key>sourceTree</key>
			<string>&lt;group&gt;</string>
		</dict>
		<key>85D3250718E99B9B00AA73AF</key>
		<dict>
			<key>buildActionMask</key>
			<string>2147483647</string>
			<key>files</key>
			<array>
				<string>8504D57218E9B7D500059303</string>
				<string>8504D57118E9B7D500059303</string>
				<string>85D3251B18E99B9B00AA73AF</string>
			</array>
			<key>isa</key>
			<string>PBXSourcesBuildPhase</string>
			<key>runOnlyForDeploymentPostprocessing</key>
			<string>0</string>
		</dict>
		<key>85D3250818E99B9B00AA73AF</key>
		<dict>
			<key>buildActionMask</key>
			<string>2147483647</string>
			<key>files</key>
			<array>
				<string>85D3250D18E99B9B00AA73AF</string>
				<string>85D3250E18E99B9B00AA73AF</string>
				<string>85D3251318E99B9B00AA73AF</string>
				<string>1DD6389A6F48491992DE96DB</string>
			</array>
			<key>isa</key>
			<string>PBXFrameworksBuildPhase</string>
			<key>runOnlyForDeploymentPostprocessing</key>
			<string>0</string>
		</dict>
		<key>85D3250918E99B9B00AA73AF</key>
		<dict>
			<key>buildActionMask</key>
			<string>2147483647</string>
			<key>files</key>
			<array>
				<string>85D3251918E99B9B00AA73AF</string>
			</array>
			<key>isa</key>
			<string>PBXResourcesBuildPhase</string>
			<key>runOnlyForDeploymentPostprocessing</key>
			<string>0</string>
		</dict>
		<key>85D3250A18E99B9B00AA73AF</key>
		<dict>
			<key>buildConfigurationList</key>
			<string>85D3252118E99B9B00AA73AF</string>
			<key>buildPhases</key>
			<array>
				<string>3E54413C26D04C33A0E2D243</string>
				<string>85D3250718E99B9B00AA73AF</string>
				<string>85D3250818E99B9B00AA73AF</string>
				<string>85D3250918E99B9B00AA73AF</string>
				<string>DDB4A4AE56FA453F9B11A214</string>
			</array>
			<key>buildRules</key>
			<array/>
			<key>dependencies</key>
			<array>
				<string>85D3251218E99B9B00AA73AF</string>
			</array>
			<key>isa</key>
			<string>PBXNativeTarget</string>
			<key>name</key>
			<string>DOPTimelineViewTests</string>
			<key>productName</key>
			<string>DOPTimelineViewTests</string>
			<key>productReference</key>
			<string>85D3250B18E99B9B00AA73AF</string>
			<key>productType</key>
			<string>com.apple.product-type.bundle.unit-test</string>
		</dict>
		<key>85D3250B18E99B9B00AA73AF</key>
		<dict>
			<key>explicitFileType</key>
			<string>wrapper.cfbundle</string>
			<key>includeInIndex</key>
			<string>0</string>
			<key>isa</key>
			<string>PBXFileReference</string>
			<key>path</key>
			<string>DOPTimelineViewTests.xctest</string>
			<key>sourceTree</key>
			<string>BUILT_PRODUCTS_DIR</string>
		</dict>
		<key>85D3250C18E99B9B00AA73AF</key>
		<dict>
			<key>isa</key>
			<string>PBXFileReference</string>
			<key>lastKnownFileType</key>
			<string>wrapper.framework</string>
			<key>name</key>
			<string>XCTest.framework</string>
			<key>path</key>
			<string>Library/Frameworks/XCTest.framework</string>
			<key>sourceTree</key>
			<string>DEVELOPER_DIR</string>
		</dict>
		<key>85D3250D18E99B9B00AA73AF</key>
		<dict>
			<key>fileRef</key>
			<string>85D3250C18E99B9B00AA73AF</string>
			<key>isa</key>
			<string>PBXBuildFile</string>
		</dict>
		<key>85D3250E18E99B9B00AA73AF</key>
		<dict>
			<key>fileRef</key>
			<string>85D324FE18E99B9B00AA73AF</string>
			<key>isa</key>
			<string>PBXBuildFile</string>
		</dict>
		<key>85D3251118E99B9B00AA73AF</key>
		<dict>
			<key>containerPortal</key>
			<string>85D324F318E99B9B00AA73AF</string>
			<key>isa</key>
			<string>PBXContainerItemProxy</string>
			<key>proxyType</key>
			<string>1</string>
			<key>remoteGlobalIDString</key>
			<string>85D324FA18E99B9B00AA73AF</string>
			<key>remoteInfo</key>
			<string>DOPTimelineView</string>
		</dict>
		<key>85D3251218E99B9B00AA73AF</key>
		<dict>
			<key>isa</key>
			<string>PBXTargetDependency</string>
			<key>target</key>
			<string>85D324FA18E99B9B00AA73AF</string>
			<key>targetProxy</key>
			<string>85D3251118E99B9B00AA73AF</string>
		</dict>
		<key>85D3251318E99B9B00AA73AF</key>
		<dict>
			<key>fileRef</key>
			<string>85D324FB18E99B9B00AA73AF</string>
			<key>isa</key>
			<string>PBXBuildFile</string>
		</dict>
		<key>85D3251418E99B9B00AA73AF</key>
		<dict>
			<key>children</key>
			<array>
				<string>8504D56F18E9B7D500059303</string>
				<string>8504D57018E9B7D500059303</string>
				<string>85D3251A18E99B9B00AA73AF</string>
				<string>85D3251518E99B9B00AA73AF</string>
			</array>
			<key>isa</key>
			<string>PBXGroup</string>
			<key>path</key>
			<string>DOPTimelineViewTests</string>
			<key>sourceTree</key>
			<string>&lt;group&gt;</string>
		</dict>
		<key>85D3251518E99B9B00AA73AF</key>
		<dict>
			<key>children</key>
			<array>
				<string>85D3251618E99B9B00AA73AF</string>
				<string>85D3251718E99B9B00AA73AF</string>
			</array>
			<key>isa</key>
			<string>PBXGroup</string>
			<key>name</key>
			<string>Supporting Files</string>
			<key>sourceTree</key>
			<string>&lt;group&gt;</string>
		</dict>
		<key>85D3251618E99B9B00AA73AF</key>
		<dict>
			<key>isa</key>
			<string>PBXFileReference</string>
			<key>lastKnownFileType</key>
			<string>text.plist.xml</string>
			<key>path</key>
			<string>DOPTimelineViewTests-Info.plist</string>
			<key>sourceTree</key>
			<string>&lt;group&gt;</string>
		</dict>
		<key>85D3251718E99B9B00AA73AF</key>
		<dict>
			<key>children</key>
			<array>
				<string>85D3251818E99B9B00AA73AF</string>
			</array>
			<key>isa</key>
			<string>PBXVariantGroup</string>
			<key>name</key>
			<string>InfoPlist.strings</string>
			<key>sourceTree</key>
			<string>&lt;group&gt;</string>
		</dict>
		<key>85D3251818E99B9B00AA73AF</key>
		<dict>
			<key>isa</key>
			<string>PBXFileReference</string>
			<key>lastKnownFileType</key>
			<string>text.plist.strings</string>
			<key>name</key>
			<string>en</string>
			<key>path</key>
			<string>en.lproj/InfoPlist.strings</string>
			<key>sourceTree</key>
			<string>&lt;group&gt;</string>
		</dict>
		<key>85D3251918E99B9B00AA73AF</key>
		<dict>
			<key>fileRef</key>
			<string>85D3251718E99B9B00AA73AF</string>
			<key>isa</key>
			<string>PBXBuildFile</string>
		</dict>
		<key>85D3251A18E99B9B00AA73AF</key>
		<dict>
			<key>isa</key>
			<string>PBXFileReference</string>
			<key>lastKnownFileType</key>
			<string>sourcecode.c.objc</string>
			<key>path</key>
			<string>DOPTimelineViewTests.m</string>
			<key>sourceTree</key>
			<string>&lt;group&gt;</string>
		</dict>
		<key>85D3251B18E99B9B00AA73AF</key>
		<dict>
			<key>fileRef</key>
			<string>85D3251A18E99B9B00AA73AF</string>
			<key>isa</key>
			<string>PBXBuildFile</string>
		</dict>
		<key>85D3251C18E99B9B00AA73AF</key>
		<dict>
			<key>buildSettings</key>
			<dict>
				<key>ALWAYS_SEARCH_USER_PATHS</key>
				<string>NO</string>
				<key>CLANG_CXX_LANGUAGE_STANDARD</key>
				<string>gnu++0x</string>
				<key>CLANG_CXX_LIBRARY</key>
				<string>libc++</string>
				<key>CLANG_ENABLE_MODULES</key>
				<string>YES</string>
				<key>CLANG_ENABLE_OBJC_ARC</key>
				<string>YES</string>
				<key>CLANG_WARN_BOOL_CONVERSION</key>
				<string>YES</string>
				<key>CLANG_WARN_CONSTANT_CONVERSION</key>
				<string>YES</string>
				<key>CLANG_WARN_DIRECT_OBJC_ISA_USAGE</key>
				<string>YES_ERROR</string>
				<key>CLANG_WARN_EMPTY_BODY</key>
				<string>YES</string>
				<key>CLANG_WARN_ENUM_CONVERSION</key>
				<string>YES</string>
				<key>CLANG_WARN_INT_CONVERSION</key>
				<string>YES</string>
				<key>CLANG_WARN_OBJC_ROOT_CLASS</key>
				<string>YES_ERROR</string>
				<key>CLANG_WARN__DUPLICATE_METHOD_MATCH</key>
				<string>YES</string>
				<key>COPY_PHASE_STRIP</key>
				<string>NO</string>
				<key>GCC_C_LANGUAGE_STANDARD</key>
				<string>gnu99</string>
				<key>GCC_DYNAMIC_NO_PIC</key>
				<string>NO</string>
				<key>GCC_OPTIMIZATION_LEVEL</key>
				<string>0</string>
				<key>GCC_PREPROCESSOR_DEFINITIONS</key>
				<array>
					<string>DEBUG=1</string>
					<string>$(inherited)</string>
				</array>
				<key>GCC_SYMBOLS_PRIVATE_EXTERN</key>
				<string>NO</string>
				<key>GCC_WARN_64_TO_32_BIT_CONVERSION</key>
				<string>YES</string>
				<key>GCC_WARN_ABOUT_RETURN_TYPE</key>
				<string>YES_ERROR</string>
				<key>GCC_WARN_UNDECLARED_SELECTOR</key>
				<string>YES</string>
				<key>GCC_WARN_UNINITIALIZED_AUTOS</key>
				<string>YES</string>
				<key>GCC_WARN_UNUSED_FUNCTION</key>
				<string>YES</string>
				<key>GCC_WARN_UNUSED_VARIABLE</key>
				<string>YES</string>
				<key>IPHONEOS_DEPLOYMENT_TARGET</key>
				<string>7.0</string>
				<key>ONLY_ACTIVE_ARCH</key>
				<string>YES</string>
				<key>SDKROOT</key>
				<string>iphoneos</string>
			</dict>
			<key>isa</key>
			<string>XCBuildConfiguration</string>
			<key>name</key>
			<string>Debug</string>
		</dict>
		<key>85D3251D18E99B9B00AA73AF</key>
		<dict>
			<key>buildSettings</key>
			<dict>
				<key>ALWAYS_SEARCH_USER_PATHS</key>
				<string>NO</string>
				<key>CLANG_CXX_LANGUAGE_STANDARD</key>
				<string>gnu++0x</string>
				<key>CLANG_CXX_LIBRARY</key>
				<string>libc++</string>
				<key>CLANG_ENABLE_MODULES</key>
				<string>YES</string>
				<key>CLANG_ENABLE_OBJC_ARC</key>
				<string>YES</string>
				<key>CLANG_WARN_BOOL_CONVERSION</key>
				<string>YES</string>
				<key>CLANG_WARN_CONSTANT_CONVERSION</key>
				<string>YES</string>
				<key>CLANG_WARN_DIRECT_OBJC_ISA_USAGE</key>
				<string>YES_ERROR</string>
				<key>CLANG_WARN_EMPTY_BODY</key>
				<string>YES</string>
				<key>CLANG_WARN_ENUM_CONVERSION</key>
				<string>YES</string>
				<key>CLANG_WARN_INT_CONVERSION</key>
				<string>YES</string>
				<key>CLANG_WARN_OBJC_ROOT_CLASS</key>
				<string>YES_ERROR</string>
				<key>CLANG_WARN__DUPLICATE_METHOD_MATCH</key>
				<string>YES</string>
				<key>COPY_PHASE_STRIP</key>
				<string>YES</string>
				<key>ENABLE_NS_ASSERTIONS</key>
				<string>NO</string>
				<key>GCC_C_LANGUAGE_STANDARD</key>
				<string>gnu99</string>
				<key>GCC_WARN_64_TO_32_BIT_CONVERSION</key>
				<string>YES</string>
				<key>GCC_WARN_ABOUT_RETURN_TYPE</key>
				<string>YES_ERROR</string>
				<key>GCC_WARN_UNDECLARED_SELECTOR</key>
				<string>YES</string>
				<key>GCC_WARN_UNINITIALIZED_AUTOS</key>
				<string>YES</string>
				<key>GCC_WARN_UNUSED_FUNCTION</key>
				<string>YES</string>
				<key>GCC_WARN_UNUSED_VARIABLE</key>
				<string>YES</string>
				<key>IPHONEOS_DEPLOYMENT_TARGET</key>
				<string>7.0</string>
				<key>SDKROOT</key>
				<string>iphoneos</string>
				<key>VALIDATE_PRODUCT</key>
				<string>YES</string>
			</dict>
			<key>isa</key>
			<string>XCBuildConfiguration</string>
			<key>name</key>
			<string>Release</string>
		</dict>
		<key>85D3251E18E99B9B00AA73AF</key>
		<dict>
			<key>buildConfigurations</key>
			<array>
				<string>85D3251F18E99B9B00AA73AF</string>
				<string>85D3252018E99B9B00AA73AF</string>
			</array>
			<key>defaultConfigurationIsVisible</key>
			<string>0</string>
			<key>defaultConfigurationName</key>
			<string>Release</string>
			<key>isa</key>
			<string>XCConfigurationList</string>
		</dict>
		<key>85D3251F18E99B9B00AA73AF</key>
		<dict>
			<key>baseConfigurationReference</key>
			<string>6AC28E616EE4766E67FCDC97</string>
			<key>buildSettings</key>
			<dict>
				<key>DSTROOT</key>
				<string>/tmp/DOPTimelineView.dst</string>
				<key>GCC_PRECOMPILE_PREFIX_HEADER</key>
				<string>YES</string>
				<key>GCC_PREFIX_HEADER</key>
				<string>DOPTimelineView/DOPTimelineView-Prefix.pch</string>
				<key>OTHER_LDFLAGS</key>
				<array>
					<string>$(inherited)</string>
					<string>-ObjC</string>
				</array>
				<key>PRODUCT_NAME</key>
				<string>$(TARGET_NAME)</string>
				<key>SKIP_INSTALL</key>
				<string>YES</string>
			</dict>
			<key>isa</key>
			<string>XCBuildConfiguration</string>
			<key>name</key>
			<string>Debug</string>
		</dict>
		<key>85D3252018E99B9B00AA73AF</key>
		<dict>
			<key>baseConfigurationReference</key>
			<string>530D0BAE6EBA1888A385E372</string>
			<key>buildSettings</key>
			<dict>
				<key>DSTROOT</key>
				<string>/tmp/DOPTimelineView.dst</string>
				<key>GCC_PRECOMPILE_PREFIX_HEADER</key>
				<string>YES</string>
				<key>GCC_PREFIX_HEADER</key>
				<string>DOPTimelineView/DOPTimelineView-Prefix.pch</string>
				<key>OTHER_LDFLAGS</key>
				<array>
					<string>$(inherited)</string>
					<string>-ObjC</string>
				</array>
				<key>PRODUCT_NAME</key>
				<string>$(TARGET_NAME)</string>
				<key>SKIP_INSTALL</key>
				<string>YES</string>
			</dict>
			<key>isa</key>
			<string>XCBuildConfiguration</string>
			<key>name</key>
			<string>Release</string>
		</dict>
		<key>85D3252118E99B9B00AA73AF</key>
		<dict>
			<key>buildConfigurations</key>
			<array>
				<string>85D3252218E99B9B00AA73AF</string>
				<string>85D3252318E99B9B00AA73AF</string>
			</array>
			<key>defaultConfigurationIsVisible</key>
			<string>0</string>
			<key>defaultConfigurationName</key>
			<string>Release</string>
			<key>isa</key>
			<string>XCConfigurationList</string>
		</dict>
		<key>85D3252218E99B9B00AA73AF</key>
		<dict>
			<key>baseConfigurationReference</key>
			<string>57E720E410634E8313295880</string>
			<key>buildSettings</key>
			<dict>
				<key>FRAMEWORK_SEARCH_PATHS</key>
				<array>
					<string>$(SDKROOT)/Developer/Library/Frameworks</string>
					<string>$(inherited)</string>
					<string>$(DEVELOPER_FRAMEWORKS_DIR)</string>
				</array>
				<key>GCC_PRECOMPILE_PREFIX_HEADER</key>
				<string>YES</string>
				<key>GCC_PREFIX_HEADER</key>
				<string>DOPTimelineView/DOPTimelineView-Prefix.pch</string>
				<key>GCC_PREPROCESSOR_DEFINITIONS</key>
				<array>
					<string>DEBUG=1</string>
					<string>$(inherited)</string>
				</array>
				<key>GCC_THUMB_SUPPORT</key>
				<string>NO</string>
				<key>INFOPLIST_FILE</key>
				<string>DOPTimelineViewTests/DOPTimelineViewTests-Info.plist</string>
				<key>PRODUCT_NAME</key>
				<string>$(TARGET_NAME)</string>
				<key>WRAPPER_EXTENSION</key>
				<string>xctest</string>
			</dict>
			<key>isa</key>
			<string>XCBuildConfiguration</string>
			<key>name</key>
			<string>Debug</string>
		</dict>
		<key>85D3252318E99B9B00AA73AF</key>
		<dict>
			<key>baseConfigurationReference</key>
			<string>8541F1D16389177217BB52D2</string>
			<key>buildSettings</key>
			<dict>
				<key>FRAMEWORK_SEARCH_PATHS</key>
				<array>
					<string>$(SDKROOT)/Developer/Library/Frameworks</string>
					<string>$(inherited)</string>
					<string>$(DEVELOPER_FRAMEWORKS_DIR)</string>
				</array>
				<key>GCC_PRECOMPILE_PREFIX_HEADER</key>
				<string>YES</string>
				<key>GCC_PREFIX_HEADER</key>
				<string>DOPTimelineView/DOPTimelineView-Prefix.pch</string>
				<key>GCC_THUMB_SUPPORT</key>
				<string>NO</string>
				<key>INFOPLIST_FILE</key>
				<string>DOPTimelineViewTests/DOPTimelineViewTests-Info.plist</string>
				<key>PRODUCT_NAME</key>
				<string>$(TARGET_NAME)</string>
				<key>WRAPPER_EXTENSION</key>
				<string>xctest</string>
			</dict>
			<key>isa</key>
			<string>XCBuildConfiguration</string>
			<key>name</key>
			<string>Release</string>
		</dict>
		<key>85D3252418E99BB300AA73AF</key>
		<dict>
			<key>isa</key>
			<string>PBXFileReference</string>
			<key>lastKnownFileType</key>
			<string>wrapper.framework</string>
			<key>name</key>
			<string>UIKit.framework</string>
			<key>path</key>
			<string>System/Library/Frameworks/UIKit.framework</string>
			<key>sourceTree</key>
			<string>SDKROOT</string>
		</dict>
		<key>85D3252518E99BB300AA73AF</key>
		<dict>
			<key>fileRef</key>
			<string>85D3252418E99BB300AA73AF</string>
			<key>isa</key>
			<string>PBXBuildFile</string>
		</dict>
		<key>AD6CB3FB234A45EEA713B720</key>
		<dict>
			<key>explicitFileType</key>
			<string>archive.ar</string>
			<key>includeInIndex</key>
			<string>0</string>
			<key>isa</key>
			<string>PBXFileReference</string>
			<key>path</key>
			<string>libPods-DOPTimelineViewTests.a</string>
			<key>sourceTree</key>
			<string>BUILT_PRODUCTS_DIR</string>
		</dict>
		<key>C05749B700BA45B6B2406F79</key>
		<dict>
			<key>buildActionMask</key>
			<string>2147483647</string>
			<key>files</key>
			<array/>
			<key>inputPaths</key>
			<array/>
			<key>isa</key>
			<string>PBXShellScriptBuildPhase</string>
			<key>name</key>
			<string>Check Pods Manifest.lock</string>
			<key>outputPaths</key>
			<array/>
			<key>runOnlyForDeploymentPostprocessing</key>
			<string>0</string>
			<key>shellPath</key>
			<string>/bin/sh</string>
			<key>shellScript</key>
			<string>diff "${PODS_ROOT}/../Podfile.lock" "${PODS_ROOT}/Manifest.lock" &gt; /dev/null
if [[ $? != 0 ]] ; then
    cat &lt;&lt; EOM
error: The sandbox is not in sync with the Podfile.lock. Run 'pod install' or update your CocoaPods installation.
EOM
    exit 1
fi
</string>
			<key>showEnvVarsInLog</key>
			<string>0</string>
		</dict>
		<key>DDB4A4AE56FA453F9B11A214</key>
		<dict>
			<key>buildActionMask</key>
			<string>2147483647</string>
			<key>files</key>
			<array/>
			<key>inputPaths</key>
			<array/>
			<key>isa</key>
			<string>PBXShellScriptBuildPhase</string>
			<key>name</key>
			<string>Copy Pods Resources</string>
			<key>outputPaths</key>
			<array/>
			<key>runOnlyForDeploymentPostprocessing</key>
			<string>0</string>
			<key>shellPath</key>
			<string>/bin/sh</string>
			<key>shellScript</key>
			<string>"${SRCROOT}/Pods/Target Support Files/Pods-DOPTimelineViewTests/Pods-DOPTimelineViewTests-resources.sh"
</string>
			<key>showEnvVarsInLog</key>
			<string>0</string>
		</dict>
		<key>F6CF3CF259C141B687E7C581</key>
		<dict>
			<key>buildActionMask</key>
			<string>2147483647</string>
			<key>files</key>
			<array/>
			<key>inputPaths</key>
			<array/>
			<key>isa</key>
			<string>PBXShellScriptBuildPhase</string>
			<key>name</key>
			<string>Copy Pods Resources</string>
			<key>outputPaths</key>
			<array/>
			<key>runOnlyForDeploymentPostprocessing</key>
			<string>0</string>
			<key>shellPath</key>
			<string>/bin/sh</string>
			<key>shellScript</key>
			<string>"${SRCROOT}/Pods/Target Support Files/Pods/Pods-resources.sh"
</string>
			<key>showEnvVarsInLog</key>
			<string>0</string>
		</dict>
	</dict>
	<key>rootObject</key>
	<string>85D324F318E99B9B00AA73AF</string>
</dict>
</plist>
